
Microsoft Visual Studio Solution File, Format Version 12.00
# Visual Studio 2012
Project("{FAE04EC0-301F-11D3-BF4B-00C04F79EFBC}") = "SampleApp", "SampleApp\SampleApp.csproj", "{A88E2BA7-DC77-48E7-A343-1E737ECC303C}"
EndProject
Project("{2150E333-8FDC-42A3-9474-1A3956D46DE8}") = ".nuget", ".nuget", "{39D6455E-2ADF-4EED-BA9C-F55313DFC5D0}"
	ProjectSection(SolutionItems) = preProject
		.nuget\packages.config = .nuget\packages.config
	EndProjectSection
EndProject
Project("{FAE04EC0-301F-11D3-BF4B-00C04F79EFBC}") = "InfraworkApiLib", "InfraworkApiLib\InfraworkApiLib.csproj", "{B849F521-42CE-4127-89DC-EDC587CC2C70}"
EndProject
Project("{FAE04EC0-301F-11D3-BF4B-00C04F79EFBC}") = "InfraworksApiLibTest", "InfraworksApiLibTest\InfraworksApiLibTest.csproj", "{F403AAC3-E7B9-4D34-B064-74EF4BF05160}"
EndProject
Global
	GlobalSection(SolutionConfigurationPlatforms) = preSolution
		Debug|Any CPU = Debug|Any CPU
		Release|Any CPU = Release|Any CPU
	EndGlobalSection
	GlobalSection(ProjectConfigurationPlatforms) = postSolution
		{A88E2BA7-DC77-48E7-A343-1E737ECC303C}.Debug|Any CPU.ActiveCfg = Debug|Any CPU
		{A88E2BA7-DC77-48E7-A343-1E737ECC303C}.Debug|Any CPU.Build.0 = Debug|Any CPU
		{A88E2BA7-DC77-48E7-A343-1E737ECC303C}.Release|Any CPU.ActiveCfg = Release|Any CPU
		{A88E2BA7-DC77-48E7-A343-1E737ECC303C}.Release|Any CPU.Build.0 = Release|Any CPU
		{B849F521-42CE-4127-89DC-EDC587CC2C70}.Debug|Any CPU.ActiveCfg = Debug|Any CPU
		{B849F521-42CE-4127-89DC-EDC587CC2C70}.Debug|Any CPU.Build.0 = Debug|Any CPU
		{B849F521-42CE-4127-89DC-EDC587CC2C70}.Release|Any CPU.ActiveCfg = Release|Any CPU
		{B849F521-42CE-4127-89DC-EDC587CC2C70}.Release|Any CPU.Build.0 = Release|Any CPU
		{F403AAC3-E7B9-4D34-B064-74EF4BF05160}.Debug|Any CPU.ActiveCfg = Debug|Any CPU
		{F403AAC3-E7B9-4D34-B064-74EF4BF05160}.Debug|Any CPU.Build.0 = Debug|Any CPU
		{F403AAC3-E7B9-4D34-B064-74EF4BF05160}.Release|Any CPU.ActiveCfg = Release|Any CPU
		{F403AAC3-E7B9-4D34-B064-74EF4BF05160}.Release|Any CPU.Build.0 = Release|Any CPU
	EndGlobalSection
	GlobalSection(SolutionProperties) = preSolution
		HideSolutionNode = FALSE
	EndGlobalSection
EndGlobal
